
Microsoft Visual Studio Solution File, Format Version 12.00
# Visual Studio Version 16
VisualStudioVersion = 16.0.30114.105
MinimumVisualStudioVersion = 10.0.40219.1
Project("{FAE04EC0-301F-11D3-BF4B-00C04F79EFBC}") = "REST_WinformDEMO", "REST_WinformDEMO\REST_WinformDEMO.csproj", "{484540AB-284D-4B21-B997-494947402EE7}"
EndProject
Project("{FAE04EC0-301F-11D3-BF4B-00C04F79EFBC}") = "REST_WeatherApp", "REST_WeatherApp\REST_WeatherApp.csproj", "{D0DE54E4-B184-45A2-BD24-75263B59EE88}"
EndProject
Global
	GlobalSection(SolutionConfigurationPlatforms) = preSolution
		Debug|Any CPU = Debug|Any CPU
		Release|Any CPU = Release|Any CPU
	EndGlobalSection
	GlobalSection(ProjectConfigurationPlatforms) = postSolution
		{484540AB-284D-4B21-B997-494947402EE7}.Debug|Any CPU.ActiveCfg = Debug|Any CPU
		{484540AB-284D-4B21-B997-494947402EE7}.Debug|Any CPU.Build.0 = Debug|Any CPU
		{484540AB-284D-4B21-B997-494947402EE7}.Release|Any CPU.ActiveCfg = Release|Any CPU
		{484540AB-284D-4B21-B997-494947402EE7}.Release|Any CPU.Build.0 = Release|Any CPU
		{D0DE54E4-B184-45A2-BD24-75263B59EE88}.Debug|Any CPU.ActiveCfg = Debug|Any CPU
		{D0DE54E4-B184-45A2-BD24-75263B59EE88}.Debug|Any CPU.Build.0 = Debug|Any CPU
		{D0DE54E4-B184-45A2-BD24-75263B59EE88}.Release|Any CPU.ActiveCfg = Release|Any CPU
		{D0DE54E4-B184-45A2-BD24-75263B59EE88}.Release|Any CPU.Build.0 = Release|Any CPU
	EndGlobalSection
	GlobalSection(SolutionProperties) = preSolution
		HideSolutionNode = FALSE
	EndGlobalSection
	GlobalSection(ExtensibilityGlobals) = postSolution
		SolutionGuid = {3D2ED77C-9F2F-4D33-812D-8A840D192679}
	EndGlobalSection
EndGlobal
